
Microsoft Visual Studio Solution File, Format Version 12.00
# Visual Studio Version 16
VisualStudioVersion = 16.0.31729.503
MinimumVisualStudioVersion = 10.0.40219.1
Project("{FAE04EC0-301F-11D3-BF4B-00C04F79EFBC}") = "Chart", "Chart\Chart.csproj", "{89FE3453-B5B8-40DD-8B27-1287AF08FFAB}"
EndProject
Global
	GlobalSection(SolutionConfigurationPlatforms) = preSolution
		Debug|Any CPU = Debug|Any CPU
		Release|Any CPU = Release|Any CPU
	EndGlobalSection
	GlobalSection(ProjectConfigurationPlatforms) = postSolution
		{89FE3453-B5B8-40DD-8B27-1287AF08FFAB}.Debug|Any CPU.ActiveCfg = Debug|Any CPU
		{89FE3453-B5B8-40DD-8B27-1287AF08FFAB}.Debug|Any CPU.Build.0 = Debug|Any CPU
		{89FE3453-B5B8-40DD-8B27-1287AF08FFAB}.Release|Any CPU.ActiveCfg = Release|Any CPU
		{89FE3453-B5B8-40DD-8B27-1287AF08FFAB}.Release|Any CPU.Build.0 = Release|Any CPU
	EndGlobalSection
	GlobalSection(SolutionProperties) = preSolution
		HideSolutionNode = FALSE
	EndGlobalSection
	GlobalSection(ExtensibilityGlobals) = postSolution
		SolutionGuid = {DFE94754-A0A0-4F16-83C0-E1A703AC0268}
	EndGlobalSection
EndGlobal
